
Microsoft Visual Studio Solution File, Format Version 12.00
# Visual Studio 15
VisualStudioVersion = 15.0.28307.852
MinimumVisualStudioVersion = 10.0.40219.1
Project("{FAE04EC0-301F-11D3-BF4B-00C04F79EFBC}") = "QLVT_DH", "QLVT_DH\QLVT_DH.csproj", "{2C80697F-5EFD-4BBB-BAEF-99EFF2C68B88}"
EndProject
Global
	GlobalSection(SolutionConfigurationPlatforms) = preSolution
		Debug|Any CPU = Debug|Any CPU
		Release|Any CPU = Release|Any CPU
	EndGlobalSection
	GlobalSection(ProjectConfigurationPlatforms) = postSolution
		{2C80697F-5EFD-4BBB-BAEF-99EFF2C68B88}.Debug|Any CPU.ActiveCfg = Debug|Any CPU
		{2C80697F-5EFD-4BBB-BAEF-99EFF2C68B88}.Debug|Any CPU.Build.0 = Debug|Any CPU
		{2C80697F-5EFD-4BBB-BAEF-99EFF2C68B88}.Release|Any CPU.ActiveCfg = Release|Any CPU
		{2C80697F-5EFD-4BBB-BAEF-99EFF2C68B88}.Release|Any CPU.Build.0 = Release|Any CPU
	EndGlobalSection
	GlobalSection(SolutionProperties) = preSolution
		HideSolutionNode = FALSE
	EndGlobalSection
	GlobalSection(ExtensibilityGlobals) = postSolution
		SolutionGuid = {76BBD7EF-1265-4168-874B-9E4247CEE678}
	EndGlobalSection
EndGlobal
